{
  "name": "sparkrock-api",
  "version": "1.0.0",
  "lockfileVersion": 3,
  "requires": true,
  "packages": {
    "": {
      "name": "sparkrock-api",
      "version": "1.0.0",
      "dependencies": {
        "cors": "^2.8.5",
        "express": "^4.18.2"
      }
    },
    "node_modules/accepts": {
      "version": "1.3.8",
      "resolved": "https://registry.npmjs.org/accepts/-/accepts-1.3.8.tgz",
      "integrity": "sha512-PYAthTa2m2VKxuvSD3DPC/Gy+U+sOA1bgoucdUxmlKq79q+CDMDanuv7kvQCg0eHq9tHjFh4XeMYbO9y8zq+g==",
      "dependencies": {
        "mime-types": "~2.1.34",
        "negotiator": "0.6.3"
      },
      "engines": {
        "node": ">= 0.6"
      }
    },
    "node_modules/array-flatten": {
      "version": "1.1.1",
      "resolved": "https://registry.npmjs.org/array-flatten/-/array-flatten-1.1.1.tgz",
      "integrity": "sha512-PCVAQswIWmq8cAIyDmpFeLOf+R+31O8RTPYzQ6C/hBQv2QS3oqzngEj3u9DrvS3w/j6t4HA/MHvH0+Oew9jAg=="
    },
    "node_modules/body-parser": {
      "version": "1.20.2",
      "resolved": "https://registry.npmjs.org/body-parser/-/body-parser-1.20.2.tgz",
      "integrity": "sha512-ml9pReCu3M61kGlqoTm2umSXTJQdEAw+5v8aTLG86uJm7D68+h0W68Ch0S9iNgDXLP1r6z9HpD+68Wb28SOlA==",
      "dependencies": {
        "bytes": "3.1.2",
        "content-type": "~1.0.5",
        "debug": "2.6.9",
        "depd": "2.0.0",
        "destroy": "1.2.0",
        "http-errors": "2.0.0",
        "iconv-lite": "0.4.24",
        "on-finished": "2.4.1",
        "qs": "6.11.2",
        "raw-body": "2.5.0",
        "type-is": "~1.6.18",
        "unpipe": "1.0.0"
      },
      "engines": {
        "node": ">= 0.8"
      }
    },
    "node_modules/bytes": {
      "version": "3.1.2",
      "resolved": "https://registry.npmjs.org/bytes/-/bytes-3.1.2.tgz",
      "integrity": "sha512-/Nf7TyzTx6S3yRJObOAV7956r8c2Y/0pWdX113LWMpwvW8zywtNjkn20X5RE7GjyeToW9nX/qlm/8fBUpDHZQ==",
      "engines": {
        "node": ">= 0.8"
      }
    },
    "node_modules/call-bind": {
      "version": "1.0.2",
      "resolved": "https://registry.npmjs.org/call-bind/-/call-bind-1.0.2.tgz",
      "integrity": "sha512-7O+FbCihrB5WGbFYesctwmTKae6rOiIzmz1icunW7ajI74IUuK8Cf4pJ5R4fn80stOfTU4bsAt8c3MmYqw8wQ==",
      "dependencies": {
        "function-bind": "^1.1.1",
        "get-intrinsic": "^1.0.2",
        "set-function-length": "^1.0.1"
      },
      "funding": {
        "url": "https://github.com/sponsors/ljharb"
      }
    },
    "node_modules/content-type": {
      "version": "1.0.5",
      "resolved": "https://registry.npmjs.org/content-type/-/content-type-1.0.5.tgz",
      "integrity": "sha512-nTjqfcBHFE4+W2FE+4NLHcMOr3+LjPdvjY1M6E0QjTYLQi6f/MrZ9W+40hokP/qnH2VNpM5WWkL4nwl2GqRwA==",
      "engines": {
        "node": ">= 0.6"
      }
    },
    "node_modules/cors": {
      "version": "2.8.5",
      "resolved": "https://registry.npmjs.org/cors/-/cors-2.8.5.tgz",
      "integrity": "sha512-PWcWr9b7xUJ0Nh0GfJPd/1PQnKhdgAfOQmTNgKfmO3aIwpqbRfkDbrD28oi2AI/9S+3G5C0CjuLz/3z2QzXQw==",
      "dependencies": {
        "object-assign": "^4",
        "vary": "^1"
      },
      "engines": {
        "node": ">= 0.10"
      }
    },
    "node_modules/debug": {
      "version": "2.6.9",
      "resolved": "https://registry.npmjs.org/debug/-/debug-2.6.9.tgz",
      "integrity": "sha512-bC7ElrdJaJnPbAP+PSYIsdCDtJBi47bjQJJRTbbMjbORwxyA+owv7Zx3EBg0D04M3ic0o6mO0+kDRCaQczJQ==",
      "dependencies": {
        "ms": "2.0.0"
      }
    },
    "node_modules/depd": {
      "version": "2.0.0",
      "resolved": "https://registry.npmjs.org/depd/-/depd-2.0.0.tgz",
      "integrity": "sha512-g7nH6P6dyDioJogAAGprGpCtVImJ+9n2ODbJEOqP+uaLun8dye8SB0H6uScX+9r+0uImNeagItAzm5WfJqrzQ==",
      "engines": {
        "node": ">= 0.8"
      }
    },
    "node_modules/destroy": {
      "version": "1.2.0",
      "resolved": "https://registry.npmjs.org/destroy/-/destroy-1.2.0.tgz",
      "integrity": "sha512-2sLJipAs+s9ABMNAcWGs+0B5uSBAsPyj54/cwi/r/OB332OB8u18e9xKS2ja0KTrxG/2zEO5u0eqpx64gHYwQ==",
      "engines": {
        "node": ">= 0.8"
      }
    },
    "node_modules/express": {
      "version": "4.18.2",
      "resolved": "https://registry.npmjs.org/express/-/express-4.18.2.tgz",
      "integrity": "sha512-5/PsL6iGPdfQ/lKM1UuielYgv3BUoJfnzEdaVw5q+EKC2evXGaXZf2+7RH9CSiX0cWTh/48k7Yfqk7S4Rq1rQ==",
      "dependencies": {
        "accepts": "~1.3.8",
        "array-flatten": "1.1.1",
        "body-parser": "1.20.2",
        "bytes": "3.1.2",
        "content-type": "~1.0.5",
        "cookie": "0.5.0",
        "cookie-signature": "1.0.6",
        "debug": "2.6.9",
        "depd": "2.0.0",
        "destroy": "1.2.0",
        "ee-first": "1.1.1",
        "encodeurl": "~1.0.2",
        "escape-html": "~1.0.3",
        "etag": "~1.8.1",
        "finalhandler": "1.2.0",
        "fresh": "0.5.2",
        "function-bind": "1.1.1",
        "get-intrinsic": "1.1.3",
        "has": "1.0.3",
        "has-proto": "1.0.1",
        "http-errors": "2.0.0",
        "iconv-lite": "0.4.24",
        "inherits": "2.0.4",
        "ipaddr.js": "1.9.1",
        "media-typer": "0.3.0",
        "merge-descriptors": "1.0.1",
        "methods": "~1.1.2",
        "mime": "1.6.0",
        "mime-db": "1.52.0",
        "mime-types": "~2.1.34",
        "ms": "2.1.3",
        "negotiator": "0.6.3",
        "object-inspect": "1.12.3",
 "on-finished": "2.4.1",
        "parseurl": "~1.3.3",
        "path-to-regexp": "0.1.7",
        "proxy-addr": "~2.0.7",
        "qs": "6.11.2",
        "range-parser": "~1.2.1",
        "raw-body": "2.5.0",
        "safe-buffer": "5.2.1",
        "safer-buffer": "2.1.2",
        "send": "0.18.0",
        "serve-static": "1.15.0",
        "setprototypeof": "1.2.0",
        "side-channel": "1.0.4",
        "statuses": "2.0.1",
        "type-is": "~1.6.18",
        "unpipe": "1.0.0",
        "utils-merge": "1.0.1",
        "vary": "~1.1.2"
      },
      "engines": {
        "node": ">= 0.10.0"
      }
    },
    "node_modules/function-bind": {
      "version": "1.1.1",
      "resolved": "https://registry.npmjs.org/function-bind/-/function-bind-1.1.1.tgz",
      "integrity": "sha512-I7rWz3eunGMLOevDOQTg2nb3V0SuyQyev+O49takiUgM5w25o3X8N3FzD3oLXF47FdDO4fr7Xkqx8WC/rmJ6Q==",
      "funding": {
        "url": "https://github.com/sponsors/ljharb"
      }
    },
    "node_modules/get-intrinsic": {
      "version": "1.1.3",
      "resolved": "https://registry.npmjs.org/object-inspect/-/object-inspect-1.12.3.tgz",
      "integrity": "sha512-geUvdk7c+eizMNqkS1A63IdD640uR9KQIgz2N/hdt4QrRmuQiDTH2Z7McVOswHpTNol2qobrB9JfI1dbTbyog==",
      "dependencies": {
        "call-bind": "^1.0.2",
        "es-define-property": "^1.0.0",
        "es-errors": "^1.0.0",
        "function-bind": "^1.1.1",
        "get-intrinsic": "^1.0.2",
        "has": "^1.0.3",
        "has-proto": "^1.0.1",
        "has-symbols": "^1.0.3",
        "is-array-buffer": "^3.0.2",
        "is-callable": "^1.2.7",
        "is-negative-zero": "^2.0.2",
        "is-regex": "^1.1.4",
        "is-shared-array-buffer": "^1.0.2",
        "is-string": "^1.0.7",
        "is-weakref": "^1.0.2",
        "object-keys": "^1.1.1",
        "object.assign": "^4.1.4",
        "regexp.prototype.flags": "^1.4.3",
        "safe-array-concat": "^1.0.0",
        "safe-regex-test": "^1.0.0",
        "string.prototype.trim": "^1.2.7",
        "string.prototype.trimend": "^1.0.6",
        "string.prototype.trimstart": "^1.0.6",
        "unbox-primitive": "^1.0.2"
      },
      "funding": {
        "url": "https://github.com/sponsors/ljharb"
      }
    },
    "node_modules/has": {
      "version": "1.0.3",
      "resolved": "https://registry.npmjs.org/has/-/has-1.0.3.tgz",
      "integrity": "sha512-f2dvO0VU6Oej7RJXCNgp0MNIhV3jzqr2/65Soymy4uAN6NNAc63CMPBoq/2voJl2cW9ZvwL1Xyk+BT6F9t8Vw==",
      "dependencies": {
        "function-bind": "^1.1.1"
      },
      "funding": {
        "url": "https://github.com/sponsors/url": "https://github.com/sponsors/ljharb"
      }
    },
    "node_modules/has-proto": {
      "version": "1.0.1",
      "resolved": "https://registry.npmjs.org/has-proto/-/has-proto-1.0.1.tgz",
      "integrity": "sha512-7qE+iP+O+bgF9clE5+UoBFzE65/hVvM2Oxlgt4P48jef8rf5cZg0uDBH5tvgY0cqhbFvdX9fz5mIgDL4wHswQ==",
      "engines": {
        "node": ">= 0.4"
      }
    },
    "node_modules/http-errors": {
      "version": "2.0.0",
      "resolved": "https://registry.npmjs.org/http-errors/-/http-errors-2.0.0.tgz",
      "integrity": "sha512-FtwrQ/5FbFm4+Zht74JcXjK2vah9aq3XNHXIHdgzFp1AJ7QDLwqBjWYP1Snd4qHQRvC2jbJalyk/Jk7cK7rTDQ==",
      "dependencies": {
        "depd": "2.0.0",
        "inherits": "2.0.4",
        "setprototypeof": "1.2.0",
        "statuses": "2.0.1",
        "toidentifier": "1.0.1"
      },
      "engines": {
        "node": ">= 0.8"
      }
    },
    "node_modules/iconv-lite": {
      "version": "0.4.24",
      "resolved": "https://registry.npmjs.org/iconv-lite/-/iconv-lite-0.4.24.tgz",
      "integrity": "sha512-v3MXnZAcvnywkTUEZomIActle7RXXeedOR31wwl7VlyoXO4Qi9arvSenNQWne1zJwblvUn6oO4JK0XcoKz2ng==",
      "dependencies": {
        "safer-buffer": ">= 2.1.2 < 3"
      },
      "engines": {
        "node": ">=0.10.0"
      }
    },
    "node_modules/inherits": {
      "version": "2.0.4",
      "resolved": "https://registry.npmjs.org/inherits/-/inherits-2.0.4.tgz",
      "integrity": "sha512-k/vGaX4/Yla3WzyMCqTfNwF2JLpJ9oe8gq2gd+S+2nBbfZjEn3sqGkTWxACi9XluJUV3NEFGJjXizwFQwQ9WQ=="
    },
    "node_modules/ipaddr.js": {
      "version": "1.9.1",
      "resolved": "https://registry.npmjs.org/ipaddr.js/-/ipaddr.js-1.9.1.tgz",
      "integrity": "sha512-0KI/607xox06o2bw15VTs/7ki6vaiHfWjVqR66LDmj0QIpQ+7O3BqIPV0uD/If0eS18qy9JvQzXv3iV5lLUBw==",
      "engines": {
        "node": ">= 0.10"
      }
    },
    "node_modules/media-typer": {
      "version": "0.3.0",
      "resolved": "https://registry.npmjs.org/media-typer/-/media-typer-0.3.0.tgz",
      "integrity": "sha512-dq+qelQ9akHpcOl/gUVRLx6PO/TUJVkQE3CtdgLl5WfX72/xWtRuiN6/E+8yqmmSR3o35URquH+onUvkqmmEw==",
      "engines": {
        "node": ">= 0.6"
      }
    },
    "node_modules/merge-descriptors": {
      "version": "1.0.1",
      "resolved": "https://registry.npmjs.org/merge-descriptors/-/merge-descriptors-1.0.1.tgz",
      "integrity": "sha512-cCi6g3/Zr1iqQi6wSb+J7yciFQTfh2sz4VmyNBmCq+Mf4VKq+4jEWpt1OZIBojDDt9zA67bj08qTVxrNyWQwQ=="
    },
    "node_modules/methods": {
      "version": "1.1.2",
      "resolved": "https://registry.npmjs.org/methods/-/methods-1.1.2.tgz",
      "integrity": "sha512-3lA775LjWRevFxI9iwCXU9dxinKiEV2Sfi+Ib5SxJjIbla8A6w2lobC1BRwzqA4jG1G5byYBJn5AzkDh1GmQ==",
      "engines": {
        "node": ">= 0.6"
      }
    },
    "node_modules/mime": {
      "version": "1.6.0",
      "resolved": "https://registry.npmjs.org/mysql/-/mysql-2.18.1.tgz",
      "integrity": "sha512-BcUv4T+rH4wGaFClTz39OUOhmxtgw+MYd7lgKF4RPeFb3bCRzS2uUnhqxX7onny6JxfpTqg1iMijpWLbJfXgQ==",
      "engines": {
        "node": ">= 0.6"
      }
    },
    "node_modules/mime-db": {
      "version": "1.52.0",
      "resolved": "https://registry.npmjs.org/mime-db/-/mime-db-1.52.0.tgz",
      "integrity": "sha512-sPU4uV7dYlvtWJxwwxHD0PuulWED2jbqoZWVln+UTJmWddNgUW54C+oN6warnvvOF7wX/Lo0FamOLJT2PuXgw==",
      "engines": {
        "node": ">= 0.6"
      }
    },
    "node_modules/mime-types": {
      "version": "2.1.34",
      "resolved": "https://registry.npmjs.org/mime-types/-/mime-types-2.1.34.tgz",
      "integrity": "sha512-8Bj8C3jTsiHPT9gQ/r0+8N4SPSo8DjI63/dJ6ypxV2fF3wA7ejfG6kV+2e4JfjOi9VhhupEDGYF5Ff3j9ye9g==",
      "dependencies": {
        "mime-db": "1.52.0"
      },
      "engines": {
        "node": ">= 0.6"
      }
    },
    "node_modules/ms": {
      "version": "2.1.3",
      "resized": "https://registry.npmjs.org/ms/-/ms-2.1.3.tgz",
      "integrity": "sha512-6FlzubTLZG3J2L/N0e77h9xmGPbg1xJZJR2U5/g4k6H9l8iMaZeKuaT0Qp+blHSyXxf9l3k7FL2sIO+apxxnw=="
    },
    "node_modules/negotiator": {
      "version": "0.6.3",
      "resolved": "https://registry.npmjs.org/negotiator/-/negotiator-0.6.3.tgz",
      "integrity": "sha512-+EUsqGPLqMmu5Fdq4jpdX94OhWLc8uu/6vYL3yq3MXqyPNHwI2Tz+i54A5ymr5Rz52jE9g1L1yK08W6WO9OIQ==",
      "engines": {
        "node": ">= 0.6"
      }
    },
    "node_modules/object-assign": {
      "version": "4.1.1",
      "resolved": "https://registry.npmjs.org/object-assign/-/object-assign-4.1.1.tgz",
      "integrity": "sha512-rJgTQnkUnH1sFw8yT6VSU3zD3sWq6rZUm+m2pFnZydelpsYFoHRNbGUz9njCduBdBFnX/4n0+3x3e7rTrtS0UQ==",
      "engines": {
        "node": ">=0.10.0"
      }
    },
    "node_modules/on-finished": {
      "version": "2.4.1",
      "resolved": "https://registry.npmjs.org/on-finished/-/on-finished-2.4.1.tgz",
      "integrity": "sha512-o7lAIHi58BfdY59Y3xyJ0gV/L05cQH4ui+J98tBDuN9/7Zdboy3X8iyht2JPn0eFalPmEBiHxjfBRjE65RwQ==",
      "dependencies": {
        "ee-first": "1.1.1"
      },
      "engines": {
        "node": ">= 0.8"
      }
    },
    "node_modules/parseurl": {
      "version": "1.3.3",
      "resolved": "https://registry.npmjs.org/parseurl/-/parseurl-1.3.3.tgz",
      "integrity": "sha512-CiyeOxPT/JnuNqb2T7t/NcZfi5VpL94yBtKctW4zu+InxDuMm7R5bu6VRVbzQOnG5b6A0l6zdbyFHct6715Ew=="
    },
    "node_modules/path-to-regexp": {
      "version": "0.1.7",
      "resolved": "https://registry.npmjs.org/path-to-regexp/-/path-to-regexp-0.1.7.tgz",
      "integrity": "sha512-5DFkuoqlvkVuVJ3FeqDlPXsnwQAhfEMTvZJTMylU1sUz2SxxGmNauJ631VjX1w8r8+ddAjTk9akXYwB7LjNg=="
    },
    "node_modules/proxy-addr": {
      "version": "2.0.7",
      "resolved": "https://registry.npmjs.org/registry.npmjs.org/proxy-addr/-/proxy-addr-2.0.7.tgz",
      "integrity": "sha512-+IdZMa+ZLzI35GAQwUfu/OK5Gk9b9aaIPtzRixBgX1Bm/Xn0ZoHz9LQeZnd6ri+n5Bu/nWftd4C7CPGw6Fz9A==",
      "dependencies": {
        "forwarded": "0.2.0",
        "ipaddr.js": "1.9.1"
      }
    },
    "node_modules/qs": {
      "version": "6.11.2",
      "resolved": "https://registry.npmjs.org/qs/-/qs-6.11.2.tgz",
      "integrity": "sha512-tDNIz22aBzSN4/0c+fU/JWffTdIyqJq//V5rzXeQ9gNXoLisavjE0aFQvM7vk6Sdc5e5ZJDpGBktXlBLJ5rFA==",
      "engines": {
        "node": ">=0.6"
      }
    },
    "node_modules/range-parser": {
      "version": "1.2.1",
      "resolved": "https://registry.npmjs.org/range-parser/-/range-parser-1.2.1.tgz",
      "integrity": "sha512-Hrgsx+orqoygnmWCz3qV5+zhSR/upTbq7gL17XLqSQxxQf/NT8Pfof3+U2ax3O1Lnua44M+lxo2c6Srsfz5Bw==",
      "engines": {
        "node": ">= 0.6"
      }
    },
    "node_modules/raw-body": {
      "version": "2.5.0",
      "resolved": "https://registry.npmjs.org/raw-body/-/raw-body-2.5.0.tgz",
      "integrity": "sha512-qJtI12MVu9J5AgDwDIwDIiJko728IjWZbu7Oi8SShalvYhLvqHMC63qh+1qokJ/M9O8MiBlONJ/Uxz+4qKqig==",
      "dependencies": {
        "bytes": "3.1.2",
        "content-type": "~1.0.5",
        "debug": "2.6.9",
        "depd": "2.0.0",
        "http-errors": "2.0.0",
        "iconv-lite": "0.4.24",
        "on-finished": "2.4.1",
        "unpipe": "1.0.0"
      },
      "engines": {
        "node": ">= 0.8"
      }
    },
    "node_modules/safe-buffer": {
      "version": "5.2.1",
      "resolved": "https://registry.npmjs.org/safe-buffer/-/safe-buffer-5.2.1.tgz",
      "integrity": "sha512-Gd2UZBJDkXlY7GbJxfsE8/nvHkS9V0Mkh4dR9/lwE1bzHPMPRoxG0Xr0xLnCw6HB6S9F9n0hR7mksF+Q4WzXQ=="
    },
    "node_modules/safer-buffer": {
      "version": "2.1.2",
      "resolved": "https://registry.npmjs.org/safer-buffer/-/safer-buffer-2.1.2.tgz",
      "integrity": "sha512-YZo3K82SD7Riyi0C1KsbIJzPVk4bASmr+jSUXa8EvByB0xr4T5Uw3V6ARzVA3Bf/DWvqmHW7Och9HmZcHpxjA=="
    },
    "node_modules/send": {
      "version": "0.18.0",
      "resolved": "https://registry.npmjs.org/send/-/send-0.18.0.tgz",
      "integrity": "sha512-6WZT8H1o5z74Qd3hpT+f/2bi6n69DwStfW495Qhp4MGwKzF4w0R2fJjOUjZoR/U1jFpBln2g6m6eP6EIr1+UQ==",
      "dependencies": {
        "debug": "2.6.9",
        "depd": "2.0.0",
        "destroy": "1.2.0",
        "encodeurl": "~1.0.2",
        "escape-html": "~1.0.3",
        "etag": "~1.8.1",
        "fresh": "0.5.2",
        "http-errors": "2.0.0",
        "on-finished": "2.4.1",
        "parseurl": "~1.3.3",
        "range-parser": "~1.2.1",
        "statuses": "2.0.1"
      },
      "engines": {
        "node": ">= 0.8.0"
      }
    },
    "node_modules/serve-static": {
      "version": "1.15.0",
      "resolved": "https://registry.npmjs.org/serve-static/-/serve-static-1.15.0.tgz",
      "integrity": "sha512-XrhF32sDo6im73c6hD1f6z1PM0H3u9vMyXccwxyE9jvVXaaIim76CWyFcp+R3zPLmr5fGf3gPPfSfi+S+0mAg==",
      "dependencies": {
        "encodeurl": "~1.0.2",
        "escape-html": "~1.0.3",
        "parseurl": "~1.3.3",
        "send": "0.18.0"
      },
      "engines": {
        "node": ">= 0.8.0"
      }
    },
    "node_modules/setprototypeof": {
      "version": "1.2.0",
      "resolved": "https://registry.npmjs.org/setprototypeof/-/setprototypeof-1.2.0.tgz",
      "integrity": "sha512-E5LDX7WrpJKi7bPCSHd1WF+HL2X73J+aS2UoaK7t6/Hjr0YJ0wScKd28PhJg64/eiJImoHoTY0XkhPy3Ya1sA=="
    },
    "node_modules/side-channel": {
      "version": "1.0.4",
      "resolved": "https://registry.npmjs.org/side-channel/-/side-channel-1.0.4.tgz",
      "integrity": "sha512-q5XPytqFEQHWhuyM/LV5CJPy27xqhPwwuy3DjN0QfzV4gqM2VK6Pz6Ap3A+6TFv2pJ74c2gpj6T523cGY/8XQ==",
      "dependencies": {
        "call-bind": "^1.0.2",
        "get-intrinsic": "^1.0.2",
        "object-inspect": "^1.12.3"
      },
      "funding": {
        "url": "https://github.com/sponsors/ljharb"
      }
    },
    "node_modules/statuses": {
      "version": "2.0.1",
      "resolved": "https://registry.npmjs.org/statuses/-/statuses-2.0.1.tgz",
      "integrity": "sha512-RwNA9Z/7PrK06rYLIzFMlaF+l73hoa1/5aKCDhs9HYwYu3R2ajqNF8ETk8jQ1RkBxccXkW5V+KxGNnKD58thcA==",
      "engines": {
        "node": ">= 0.6"
      }
    },
    "node_modules/toidentifier": {
      "version": "1.0.1",
      "resolved": "https://registry.npmjs.org/toidentifier/-/toidentifier-1.0.1.tgz",
      "integrity": "sha512-5yeKe5hw9R7GTEai6TWfxhY2pbfgxL1OMg/mUoL4l3fRWHGiU78DrH562X8X4kGsAkXta6zPUmXrAtyG9egFg==",
      "engines": {
        "node": ">= 0.6"
      }
    },
    "node_modules/type-is": {
      "version": "1.6.18",
      "resolved": "https://registry.npmjs.org/type-is/-/type-is-1.6.18.tgz",
      "integrity": "sha512-TkRKrVysX8I5d9STtS8Gj2wSdxU6oR6u+V6tQIfK9S8apjtdI5oAHdcG/owmC2BEJhT4+oa/6tV96vE5oLgIA==",
      "dependencies": {
        "media-typer": "0.3.0",
        "mime-types": "~2.1.34"
      },
      "engines": {
        "node": ">= 0.6"
      }
    },
    "node_modules/unpipe": {
      "version": "1.0.0",
      "resolved": "https://registry.npmjs.org/unpipe/-/unpipe-1.0.0.tgz",
      "integrity": "sha512-pjy2bYhSsNwVO1/K2NOw1UTsEXg91ynJ9Fl6lkS+6m1mOCSJwEXjzlnSnlVxAzC1EXuYt8UUnr5jsz4VH8KtQ=="
    },
    "node_modules/utils-merge": {
      "version": "1.0.1",
      "resolved": "https://registry.npmjs.org/utils-merge/-/utils-merge-1.0.1.tgz",
      "integrity": "sha512-urMDxDJXPsKjIyj0cjL41lfdWDrJnNerOY2Mj21OIdBcdvCevcaW4VfK6bS2F5x7B4hc8hh1JABkfRf6HPPMQ==",
      "engines": {
        "node": ">= 0.6"
      }
    },
    "node_modules/vary": {
      "version": "1.1.2",
      "resolved": "https://registry.npmjs.org/vary/-/vary-1.1.2.tgz",
      "integrity": "sha512-BNGbWLfd0eUPabhkXUVm0j8uuvREyTh5qRaFy6hN9j+1uWVgH1xKcRVA0fT0itwlJVUx/KGRqVeN3SnJB5Ug=="
    }
  }
}
